// !$*UTF8*$!
{
	archiveVersion = 1;
	classes = {
	};
	objectVersion = 46;
	objects = {

/* Begin PBXBuildFile section */
		6C60E2C11AC9C97E00A0FDD7 /* AppDelegate.swift in Sources */ = {isa = PBXBuildFile; fileRef = 6C60E2C01AC9C97E00A0FDD7 /* AppDelegate.swift */; };
		6C60E2C61AC9C97E00A0FDD7 /* Main.storyboard in Resources */ = {isa = PBXBuildFile; fileRef = 6C60E2C41AC9C97E00A0FDD7 /* Main.storyboard */; };
		6C60E2C81AC9C97E00A0FDD7 /* Images.xcassets in Resources */ = {isa = PBXBuildFile; fileRef = 6C60E2C71AC9C97E00A0FDD7 /* Images.xcassets */; };
		6C60E2CB1AC9C97E00A0FDD7 /* LaunchScreen.xib in Resources */ = {isa = PBXBuildFile; fileRef = 6C60E2C91AC9C97E00A0FDD7 /* LaunchScreen.xib */; };
		6C60E2D71AC9C97E00A0FDD7 /* UsingStoryBoardsPassingDataTests.swift in Sources */ = {isa = PBXBuildFile; fileRef = 6C60E2D61AC9C97E00A0FDD7 /* UsingStoryBoardsPassingDataTests.swift */; };
		6C60E2E11AC9CED800A0FDD7 /* Photo.swift in Sources */ = {isa = PBXBuildFile; fileRef = 6C60E2E01AC9CED800A0FDD7 /* Photo.swift */; };
/* End PBXBuildFile section */

/* Begin PBXContainerItemProxy section */
		6C60E2D11AC9C97E00A0FDD7 /* PBXContainerItemProxy */ = {
			isa = PBXContainerItemProxy;
			containerPortal = 6C60E2B31AC9C97E00A0FDD7 /* Project object */;
			proxyType = 1;
			remoteGlobalIDString = 6C60E2BA1AC9C97E00A0FDD7;
			remoteInfo = UsingStoryBoardsPassingData;
		};
/* End PBXContainerItemProxy section */

/* Begin PBXFileReference section */
		6C60E2BB1AC9C97E00A0FDD7 /* UsingStoryBoardsPassingData.app */ = {isa = PBXFileReference; explicitFileType = wrapper.application; includeInIndex = 0; path = UsingStoryBoardsPassingData.app; sourceTree = BUILT_PRODUCTS_DIR; };
		6C60E2BF1AC9C97E00A0FDD7 /* Info.plist */ = {isa = PBXFileReference; lastKnownFileType = text.plist.xml; path = Info.plist; sourceTree = "<group>"; };
		6C60E2C01AC9C97E00A0FDD7 /* AppDelegate.swift */ = {isa = PBXFileReference; lastKnownFileType = sourcecode.swift; path = AppDelegate.swift; sourceTree = "<group>"; };
		6C60E2C51AC9C97E00A0FDD7 /* Base */ = {isa = PBXFileReference; lastKnownFileType = file.storyboard; name = Base; path = Base.lproj/Main.storyboard; sourceTree = "<group>"; };
		6C60E2C71AC9C97E00A0FDD7 /* Images.xcassets */ = {isa = PBXFileReference; lastKnownFileType = folder.assetcatalog; path = Images.xcassets; sourceTree = "<group>"; };
		6C60E2CA1AC9C97E00A0FDD7 /* Base */ = {isa = PBXFileReference; lastKnownFileType = file.xib; name = Base; path = Base.lproj/LaunchScreen.xib; sourceTree = "<group>"; };
		6C60E2D01AC9C97E00A0FDD7 /* UsingStoryBoardsPassingDataTests.xctest */ = {isa = PBXFileReference; explicitFileType = wrapper.cfbundle; includeInIndex = 0; path = UsingStoryBoardsPassingDataTests.xctest; sourceTree = BUILT_PRODUCTS_DIR; };
		6C60E2D51AC9C97E00A0FDD7 /* Info.plist */ = {isa = PBXFileReference; lastKnownFileType = text.plist.xml; path = Info.plist; sourceTree = "<group>"; };
		6C60E2D61AC9C97E00A0FDD7 /* UsingStoryBoardsPassingDataTests.swift */ = {isa = PBXFileReference; lastKnownFileType = sourcecode.swift; path = UsingStoryBoardsPassingDataTests.swift; sourceTree = "<group>"; };
		6C60E2E01AC9CED800A0FDD7 /* Photo.swift */ = {isa = PBXFileReference; fileEncoding = 4; lastKnownFileType = sourcecode.swift; path = Photo.swift; sourceTree = "<group>"; };
/* End PBXFileReference section */

/* Begin PBXFrameworksBuildPhase section */
		6C60E2B81AC9C97E00A0FDD7 /* Frameworks */ = {
			isa = PBXFrameworksBuildPhase;
			buildActionMask = 2147483647;
			files = (
			);
			runOnlyForDeploymentPostprocessing = 0;
		};
		6C60E2CD1AC9C97E00A0FDD7 /* Frameworks */ = {
			isa = PBXFrameworksBuildPhase;
			buildActionMask = 2147483647;
			files = (
			);
			runOnlyForDeploymentPostprocessing = 0;
		};
/* End PBXFrameworksBuildPhase section */

/* Begin PBXGroup section */
		6C60E2B21AC9C97E00A0FDD7 = {
			isa = PBXGroup;
			children = (
				6C60E2E01AC9CED800A0FDD7 /* Photo.swift */,
				6C60E2BD1AC9C97E00A0FDD7 /* UsingStoryBoardsPassingData */,
				6C60E2D31AC9C97E00A0FDD7 /* UsingStoryBoardsPassingDataTests */,
				6C60E2BC1AC9C97E00A0FDD7 /* Products */,
			);
			sourceTree = "<group>";
		};
		6C60E2BC1AC9C97E00A0FDD7 /* Products */ = {
			isa = PBXGroup;
			children = (
				6C60E2BB1AC9C97E00A0FDD7 /* UsingStoryBoardsPassingData.app */,
				6C60E2D01AC9C97E00A0FDD7 /* UsingStoryBoardsPassingDataTests.xctest */,
			);
			name = Products;
			sourceTree = "<group>";
		};
		6C60E2BD1AC9C97E00A0FDD7 /* UsingStoryBoardsPassingData */ = {
			isa = PBXGroup;
			children = (
				6C60E2C01AC9C97E00A0FDD7 /* AppDelegate.swift */,
				6C60E2C41AC9C97E00A0FDD7 /* Main.storyboard */,
				6C60E2C71AC9C97E00A0FDD7 /* Images.xcassets */,
				6C60E2C91AC9C97E00A0FDD7 /* LaunchScreen.xib */,
				6C60E2BE1AC9C97E00A0FDD7 /* Supporting Files */,
			);
			path = UsingStoryBoardsPassingData;
			sourceTree = "<group>";
		};
		6C60E2BE1AC9C97E00A0FDD7 /* Supporting Files */ = {
			isa = PBXGroup;
			children = (
				6C60E2BF1AC9C97E00A0FDD7 /* Info.plist */,
			);
			name = "Supporting Files";
			sourceTree = "<group>";
		};
		6C60E2D31AC9C97E00A0FDD7 /* UsingStoryBoardsPassingDataTests */ = {
			isa = PBXGroup;
			children = (
				6C60E2D61AC9C97E00A0FDD7 /* UsingStoryBoardsPassingDataTests.swift */,
				6C60E2D41AC9C97E00A0FDD7 /* Supporting Files */,
			);
			path = UsingStoryBoardsPassingDataTests;
			sourceTree = "<group>";
		};
		6C60E2D41AC9C97E00A0FDD7 /* Supporting Files */ = {
			isa = PBXGroup;
			children = (
				6C60E2D51AC9C97E00A0FDD7 /* Info.plist */,
			);
			name = "Supporting Files";
			sourceTree = "<group>";
		};
/* End PBXGroup section */

/* Begin PBXNativeTarget section */
		6C60E2BA1AC9C97E00A0FDD7 /* UsingStoryBoardsPassingData */ = {
			isa = PBXNativeTarget;
			buildConfigurationList = 6C60E2DA1AC9C97E00A0FDD7 /* Build configuration list for PBXNativeTarget "UsingStoryBoardsPassingData" */;
			buildPhases = (
				6C60E2B71AC9C97E00A0FDD7 /* Sources */,
				6C60E2B81AC9C97E00A0FDD7 /* Frameworks */,
				6C60E2B91AC9C97E00A0FDD7 /* Resources */,
			);
			buildRules = (
			);
			dependencies = (
			);
			name = UsingStoryBoardsPassingData;
			productName = UsingStoryBoardsPassingData;
			productReference = 6C60E2BB1AC9C97E00A0FDD7 /* UsingStoryBoardsPassingData.app */;
			productType = "com.apple.product-type.application";
		};
		6C60E2CF1AC9C97E00A0FDD7 /* UsingStoryBoardsPassingDataTests */ = {
			isa = PBXNativeTarget;
			buildConfigurationList = 6C60E2DD1AC9C97E00A0FDD7 /* Build configuration list for PBXNativeTarget "UsingStoryBoardsPassingDataTests" */;
			buildPhases = (
				6C60E2CC1AC9C97E00A0FDD7 /* Sources */,
				6C60E2CD1AC9C97E00A0FDD7 /* Frameworks */,
				6C60E2CE1AC9C97E00A0FDD7 /* Resources */,
			);
			buildRules = (
			);
			dependencies = (
				6C60E2D21AC9C97E00A0FDD7 /* PBXTargetDependency */,
			);
			name = UsingStoryBoardsPassingDataTests;
			productName = UsingStoryBoardsPassingDataTests;
			productReference = 6C60E2D01AC9C97E00A0FDD7 /* UsingStoryBoardsPassingDataTests.xctest */;
			productType = "com.apple.product-type.bundle.unit-test";
		};
/* End PBXNativeTarget section */

/* Begin PBXProject section */
		6C60E2B31AC9C97E00A0FDD7 /* Project object */ = {
			isa = PBXProject;
			attributes = {
				LastUpgradeCheck = 0620;
				ORGANIZATIONNAME = yuryg;
				TargetAttributes = {
					6C60E2BA1AC9C97E00A0FDD7 = {
						CreatedOnToolsVersion = 6.2;
					};
					6C60E2CF1AC9C97E00A0FDD7 = {
						CreatedOnToolsVersion = 6.2;
						TestTargetID = 6C60E2BA1AC9C97E00A0FDD7;
					};
				};
			};
			buildConfigurationList = 6C60E2B61AC9C97E00A0FDD7 /* Build configuration list for PBXProject "UsingStoryBoardsPassingData" */;
			compatibilityVersion = "Xcode 3.2";
			developmentRegion = English;
			hasScannedForEncodings = 0;
			knownRegions = (
				en,
				Base,
			);
			mainGroup = 6C60E2B21AC9C97E00A0FDD7;
			productRefGroup = 6C60E2BC1AC9C97E00A0FDD7 /* Products */;
			projectDirPath = "";
			projectRoot = "";
			targets = (
				6C60E2BA1AC9C97E00A0FDD7 /* UsingStoryBoardsPassingData */,
				6C60E2CF1AC9C97E00A0FDD7 /* UsingStoryBoardsPassingDataTests */,
			);
		};
/* End PBXProject section */

/* Begin PBXResourcesBuildPhase section */
		6C60E2B91AC9C97E00A0FDD7 /* Resources */ = {
			isa = PBXResourcesBuildPhase;
			buildActionMask = 2147483647;
			files = (
				6C60E2C61AC9C97E00A0FDD7 /* Main.storyboard in Resources */,
				6C60E2CB1AC9C97E00A0FDD7 /* LaunchScreen.xib in Resources */,
				6C60E2C81AC9C97E00A0FDD7 /* Images.xcassets in Resources */,
			);
			runOnlyForDeploymentPostprocessing = 0;
		};
		6C60E2CE1AC9C97E00A0FDD7 /* Resources */ = {
			isa = PBXResourcesBuildPhase;
			buildActionMask = 2147483647;
			files = (
			);
			runOnlyForDeploymentPostprocessing = 0;
		};
/* End PBXResourcesBuildPhase section */

/* Begin PBXSourcesBuildPhase section */
		6C60E2B71AC9C97E00A0FDD7 /* Sources */ = {
			isa = PBXSourcesBuildPhase;
			buildActionMask = 2147483647;
			files = (
				6C60E2E11AC9CED800A0FDD7 /* Photo.swift in Sources */,
				6C60E2C11AC9C97E00A0FDD7 /* AppDelegate.swift in Sources */,
			);
			runOnlyForDeploymentPostprocessing = 0;
		};
		6C60E2CC1AC9C97E00A0FDD7 /* Sources */ = {
			isa = PBXSourcesBuildPhase;
			buildActionMask = 2147483647;
			files = (
				6C60E2D71AC9C97E00A0FDD7 /* UsingStoryBoardsPassingDataTests.swift in Sources */,
			);
			runOnlyForDeploymentPostprocessing = 0;
		};
/* End PBXSourcesBuildPhase section */

/* Begin PBXTargetDependency section */
		6C60E2D21AC9C97E00A0FDD7 /* PBXTargetDependency */ = {
			isa = PBXTargetDependency;
			target = 6C60E2BA1AC9C97E00A0FDD7 /* UsingStoryBoardsPassingData */;
			targetProxy = 6C60E2D11AC9C97E00A0FDD7 /* PBXContainerItemProxy */;
		};
/* End PBXTargetDependency section */

/* Begin PBXVariantGroup section */
		6C60E2C41AC9C97E00A0FDD7 /* Main.storyboard */ = {
			isa = PBXVariantGroup;
			children = (
				6C60E2C51AC9C97E00A0FDD7 /* Base */,
			);
			name = Main.storyboard;
			sourceTree = "<group>";
		};
		6C60E2C91AC9C97E00A0FDD7 /* LaunchScreen.xib */ = {
			isa = PBXVariantGroup;
			children = (
				6C60E2CA1AC9C97E00A0FDD7 /* Base */,
			);
			name = LaunchScreen.xib;
			sourceTree = "<group>";
		};
/* End PBXVariantGroup section */

/* Begin XCBuildConfiguration section */
		6C60E2D81AC9C97E00A0FDD7 /* Debug */ = {
			isa = XCBuildConfiguration;
			buildSettings = {
				ALWAYS_SEARCH_USER_PATHS = NO;
				CLANG_CXX_LANGUAGE_STANDARD = "gnu++0x";
				CLANG_CXX_LIBRARY = "libc++";
				CLANG_ENABLE_MODULES = YES;
				CLANG_ENABLE_OBJC_ARC = YES;
				CLANG_WARN_BOOL_CONVERSION = YES;
				CLANG_WARN_CONSTANT_CONVERSION = YES;
				CLANG_WARN_DIRECT_OBJC_ISA_USAGE = YES_ERROR;
				CLANG_WARN_EMPTY_BODY = YES;
				CLANG_WARN_ENUM_CONVERSION = YES;
				CLANG_WARN_INT_CONVERSION = YES;
				CLANG_WARN_OBJC_ROOT_CLASS = YES_ERROR;
				CLANG_WARN_UNREACHABLE_CODE = YES;
				CLANG_WARN__DUPLICATE_METHOD_MATCH = YES;
				"CODE_SIGN_IDENTITY[sdk=iphoneos*]" = "iPhone Developer";
				COPY_PHASE_STRIP = NO;
				ENABLE_STRICT_OBJC_MSGSEND = YES;
				GCC_C_LANGUAGE_STANDARD = gnu99;
				GCC_DYNAMIC_NO_PIC = NO;
				GCC_OPTIMIZATION_LEVEL = 0;
				GCC_PREPROCESSOR_DEFINITIONS = (
					"DEBUG=1",
					"$(inherited)",
				);
				GCC_SYMBOLS_PRIVATE_EXTERN = NO;
				GCC_WARN_64_TO_32_BIT_CONVERSION = YES;
				GCC_WARN_ABOUT_RETURN_TYPE = YES_ERROR;
				GCC_WARN_UNDECLARED_SELECTOR = YES;
				GCC_WARN_UNINITIALIZED_AUTOS = YES_AGGRESSIVE;
				GCC_WARN_UNUSED_FUNCTION = YES;
				GCC_WARN_UNUSED_VARIABLE = YES;
				IPHONEOS_DEPLOYMENT_TARGET = 8.2;
				MTL_ENABLE_DEBUG_INFO = YES;
				ONLY_ACTIVE_ARCH = YES;
				SDKROOT = iphoneos;
				SWIFT_OPTIMIZATION_LEVEL = "-Onone";
			};
			name = Debug;
		};
		6C60E2D91AC9C97E00A0FDD7 /* Release */ = {
			isa = XCBuildConfiguration;
			buildSettings = {
				ALWAYS_SEARCH_USER_PATHS = NO;
				CLANG_CXX_LANGUAGE_STANDARD = "gnu++0x";
				CLANG_CXX_LIBRARY = "libc++";
				CLANG_ENABLE_MODULES = YES;
				CLANG_ENABLE_OBJC_ARC = YES;
				CLANG_WARN_BOOL_CONVERSION = YES;
				CLANG_WARN_CONSTANT_CONVERSION = YES;
				CLANG_WARN_DIRECT_OBJC_ISA_USAGE = YES_ERROR;
				CLANG_WARN_EMPTY_BODY = YES;
				CLANG_WARN_ENUM_CONVERSION = YES;
				CLANG_WARN_INT_CONVERSION = YES;
				CLANG_WARN_OBJC_ROOT_CLASS = YES_ERROR;
				CLANG_WARN_UNREACHABLE_CODE = YES;
				CLANG_WARN__DUPLICATE_METHOD_MATCH = YES;
				"CODE_SIGN_IDENTITY[sdk=iphoneos*]" = "iPhone Developer";
				COPY_PHASE_STRIP = NO;
				ENABLE_NS_ASSERTIONS = NO;
				ENABLE_STRICT_OBJC_MSGSEND = YES;
				GCC_C_LANGUAGE_STANDARD = gnu99;
				GCC_WARN_64_TO_32_BIT_CONVERSION = YES;
				GCC_WARN_ABOUT_RETURN_TYPE = YES_ERROR;
				GCC_WARN_UNDECLARED_SELECTOR = YES;
				GCC_WARN_UNINITIALIZED_AUTOS = YES_AGGRESSIVE;
				GCC_WARN_UNUSED_FUNCTION = YES;
				GCC_WARN_UNUSED_VARIABLE = YES;
				IPHONEOS_DEPLOYMENT_TARGET = 8.2;
				MTL_ENABLE_DEBUG_INFO = NO;
				SDKROOT = iphoneos;
				VALIDATE_PRODUCT = YES;
			};
			name = Release;
		};
		6C60E2DB1AC9C97E00A0FDD7 /* Debug */ = {
			isa = XCBuildConfiguration;
			buildSettings = {
				ASSETCATALOG_COMPILER_APPICON_NAME = AppIcon;
				INFOPLIST_FILE = UsingStoryBoardsPassingData/Info.plist;
				LD_RUNPATH_SEARCH_PATHS = "$(inherited) @executable_path/Frameworks";
				PRODUCT_NAME = "$(TARGET_NAME)";
			};
			name = Debug;
		};
		6C60E2DC1AC9C97E00A0FDD7 /* Release */ = {
			isa = XCBuildConfiguration;
			buildSettings = {
				ASSETCATALOG_COMPILER_APPICON_NAME = AppIcon;
				INFOPLIST_FILE = UsingStoryBoardsPassingData/Info.plist;
				LD_RUNPATH_SEARCH_PATHS = "$(inherited) @executable_path/Frameworks";
				PRODUCT_NAME = "$(TARGET_NAME)";
			};
			name = Release;
		};
		6C60E2DE1AC9C97E00A0FDD7 /* Debug */ = {
			isa = XCBuildConfiguration;
			buildSettings = {
				BUNDLE_LOADER = "$(TEST_HOST)";
				FRAMEWORK_SEARCH_PATHS = (
					"$(SDKROOT)/Developer/Library/Frameworks",
					"$(inherited)",
				);
				GCC_PREPROCESSOR_DEFINITIONS = (
					"DEBUG=1",
					"$(inherited)",
				);
				INFOPLIST_FILE = UsingStoryBoardsPassingDataTests/Info.plist;
				LD_RUNPATH_SEARCH_PATHS = "$(inherited) @executable_path/Frameworks @loader_path/Frameworks";
				PRODUCT_NAME = "$(TARGET_NAME)";
				TEST_HOST = "$(BUILT_PRODUCTS_DIR)/UsingStoryBoardsPassingData.app/UsingStoryBoardsPassingData";
			};
			name = Debug;
		};
		6C60E2DF1AC9C97E00A0FDD7 /* Release */ = {
			isa = XCBuildConfiguration;
			buildSettings = {
				BUNDLE_LOADER = "$(TEST_HOST)";
				FRAMEWORK_SEARCH_PATHS = (
					"$(SDKROOT)/Developer/Library/Frameworks",
					"$(inherited)",
				);
				INFOPLIST_FILE = UsingStoryBoardsPassingDataTests/Info.plist;
				LD_RUNPATH_SEARCH_PATHS = "$(inherited) @executable_path/Frameworks @loader_path/Frameworks";
				PRODUCT_NAME = "$(TARGET_NAME)";
				TEST_HOST = "$(BUILT_PRODUCTS_DIR)/UsingStoryBoardsPassingData.app/UsingStoryBoardsPassingData";
			};
			name = Release;
		};
/* End XCBuildConfiguration section */

/* Begin XCConfigurationList section */
		6C60E2B61AC9C97E00A0FDD7 /* Build configuration list for PBXProject "UsingStoryBoardsPassingData" */ = {
			isa = XCConfigurationList;
			buildConfigurations = (
				6C60E2D81AC9C97E00A0FDD7 /* Debug */,
				6C60E2D91AC9C97E00A0FDD7 /* Release */,
			);
			defaultConfigurationIsVisible = 0;
			defaultConfigurationName = Release;
		};
		6C60E2DA1AC9C97E00A0FDD7 /* Build configuration list for PBXNativeTarget "UsingStoryBoardsPassingData" */ = {
			isa = XCConfigurationList;
			buildConfigurations = (
				6C60E2DB1AC9C97E00A0FDD7 /* Debug */,
				6C60E2DC1AC9C97E00A0FDD7 /* Release */,
			);
			defaultConfigurationIsVisible = 0;
		};
		6C60E2DD1AC9C97E00A0FDD7 /* Build configuration list for PBXNativeTarget "UsingStoryBoardsPassingDataTests" */ = {
			isa = XCConfigurationList;
			buildConfigurations = (
				6C60E2DE1AC9C97E00A0FDD7 /* Debug */,
				6C60E2DF1AC9C97E00A0FDD7 /* Release */,
			);
			defaultConfigurationIsVisible = 0;
		};
/* End XCConfigurationList section */
	};
	rootObject = 6C60E2B31AC9C97E00A0FDD7 /* Project object */;
}
